// !$*UTF8*$!
{
	archiveVersion = 1;
	classes = {
	};
	objectVersion = 46;
	objects = {

/* Begin PBXBuildFile section */
		A429B35F42CF0D93E74412D3 /* libPods.a in Frameworks */ = {isa = PBXBuildFile; fileRef = A13DAED8867E5EFB17F9F6CF /* libPods.a */; };
		B31625571D93CCC100879576 /* DeviceHardware.m in Sources */ = {isa = PBXBuildFile; fileRef = B31625561D93CCC100879576 /* DeviceHardware.m */; };
		B316255A1D93CD4600879576 /* VIUtils.m in Sources */ = {isa = PBXBuildFile; fileRef = B31625591D93CD4600879576 /* VIUtils.m */; };
		B3F42D0D1D93C43A0075DE75 /* main.m in Sources */ = {isa = PBXBuildFile; fileRef = B3F42D0C1D93C43A0075DE75 /* main.m */; };
		B3F42D101D93C43A0075DE75 /* AppDelegate.m in Sources */ = {isa = PBXBuildFile; fileRef = B3F42D0F1D93C43A0075DE75 /* AppDelegate.m */; };
		B3F42D131D93C43A0075DE75 /* ViewController.m in Sources */ = {isa = PBXBuildFile; fileRef = B3F42D121D93C43A0075DE75 /* ViewController.m */; };
		B3F42D161D93C43A0075DE75 /* Main.storyboard in Resources */ = {isa = PBXBuildFile; fileRef = B3F42D141D93C43A0075DE75 /* Main.storyboard */; };
		B3F42D181D93C43A0075DE75 /* Assets.xcassets in Resources */ = {isa = PBXBuildFile; fileRef = B3F42D171D93C43A0075DE75 /* Assets.xcassets */; };
		B3F42D1B1D93C43A0075DE75 /* LaunchScreen.storyboard in Resources */ = {isa = PBXBuildFile; fileRef = B3F42D191D93C43A0075DE75 /* LaunchScreen.storyboard */; };
/* End PBXBuildFile section */

/* Begin PBXFileReference section */
		A13DAED8867E5EFB17F9F6CF /* libPods.a */ = {isa = PBXFileReference; explicitFileType = archive.ar; includeInIndex = 0; path = libPods.a; sourceTree = BUILT_PRODUCTS_DIR; };
		B31625551D93CCC100879576 /* DeviceHardware.h */ = {isa = PBXFileReference; fileEncoding = 4; lastKnownFileType = sourcecode.c.h; path = DeviceHardware.h; sourceTree = "<group>"; };
		B31625561D93CCC100879576 /* DeviceHardware.m */ = {isa = PBXFileReference; fileEncoding = 4; lastKnownFileType = sourcecode.c.objc; path = DeviceHardware.m; sourceTree = "<group>"; };
		B31625581D93CD4600879576 /* VIUtils.h */ = {isa = PBXFileReference; fileEncoding = 4; lastKnownFileType = sourcecode.c.h; path = VIUtils.h; sourceTree = "<group>"; };
		B31625591D93CD4600879576 /* VIUtils.m */ = {isa = PBXFileReference; fileEncoding = 4; lastKnownFileType = sourcecode.c.objc; path = VIUtils.m; sourceTree = "<group>"; };
		B3F42D081D93C43A0075DE75 /* VIUtilsKit.app */ = {isa = PBXFileReference; explicitFileType = wrapper.application; includeInIndex = 0; path = VIUtilsKit.app; sourceTree = BUILT_PRODUCTS_DIR; };
		B3F42D0C1D93C43A0075DE75 /* main.m */ = {isa = PBXFileReference; lastKnownFileType = sourcecode.c.objc; path = main.m; sourceTree = "<group>"; };
		B3F42D0E1D93C43A0075DE75 /* AppDelegate.h */ = {isa = PBXFileReference; lastKnownFileType = sourcecode.c.h; path = AppDelegate.h; sourceTree = "<group>"; };
		B3F42D0F1D93C43A0075DE75 /* AppDelegate.m */ = {isa = PBXFileReference; lastKnownFileType = sourcecode.c.objc; path = AppDelegate.m; sourceTree = "<group>"; };
		B3F42D111D93C43A0075DE75 /* ViewController.h */ = {isa = PBXFileReference; lastKnownFileType = sourcecode.c.h; path = ViewController.h; sourceTree = "<group>"; };
		B3F42D121D93C43A0075DE75 /* ViewController.m */ = {isa = PBXFileReference; lastKnownFileType = sourcecode.c.objc; path = ViewController.m; sourceTree = "<group>"; };
		B3F42D151D93C43A0075DE75 /* Base */ = {isa = PBXFileReference; lastKnownFileType = file.storyboard; name = Base; path = Base.lproj/Main.storyboard; sourceTree = "<group>"; };
		B3F42D171D93C43A0075DE75 /* Assets.xcassets */ = {isa = PBXFileReference; lastKnownFileType = folder.assetcatalog; path = Assets.xcassets; sourceTree = "<group>"; };
		B3F42D1A1D93C43A0075DE75 /* Base */ = {isa = PBXFileReference; lastKnownFileType = file.storyboard; name = Base; path = Base.lproj/LaunchScreen.storyboard; sourceTree = "<group>"; };
		B3F42D1C1D93C43A0075DE75 /* Info.plist */ = {isa = PBXFileReference; lastKnownFileType = text.plist.xml; path = Info.plist; sourceTree = "<group>"; };
		B3F42D231D93C99C0075DE75 /* VIMacro.h */ = {isa = PBXFileReference; lastKnownFileType = sourcecode.c.h; path = VIMacro.h; sourceTree = "<group>"; };
		F66103FE520C98B2CEC4B147 /* Pods.debug.xcconfig */ = {isa = PBXFileReference; includeInIndex = 1; lastKnownFileType = text.xcconfig; name = Pods.debug.xcconfig; path = "Pods/Target Support Files/Pods/Pods.debug.xcconfig"; sourceTree = "<group>"; };
		F91D8383650FFE0B4EB50D57 /* Pods.release.xcconfig */ = {isa = PBXFileReference; includeInIndex = 1; lastKnownFileType = text.xcconfig; name = Pods.release.xcconfig; path = "Pods/Target Support Files/Pods/Pods.release.xcconfig"; sourceTree = "<group>"; };
/* End PBXFileReference section */

/* Begin PBXFrameworksBuildPhase section */
		B3F42D051D93C43A0075DE75 /* Frameworks */ = {
			isa = PBXFrameworksBuildPhase;
			buildActionMask = 2147483647;
			files = (
				A429B35F42CF0D93E74412D3 /* libPods.a in Frameworks */,
			);
			runOnlyForDeploymentPostprocessing = 0;
		};
/* End PBXFrameworksBuildPhase section */

/* Begin PBXGroup section */
		45FE480DA728AFE566A0F7F5 /* Pods */ = {
			isa = PBXGroup;
			children = (
				F66103FE520C98B2CEC4B147 /* Pods.debug.xcconfig */,
				F91D8383650FFE0B4EB50D57 /* Pods.release.xcconfig */,
			);
			name = Pods;
			sourceTree = "<group>";
		};
		B3F42CFF1D93C43A0075DE75 = {
			isa = PBXGroup;
			children = (
				B3F42D221D93C8340075DE75 /* Class */,
				B3F42D0A1D93C43A0075DE75 /* VIUtilsKit */,
				B3F42D091D93C43A0075DE75 /* Products */,
				45FE480DA728AFE566A0F7F5 /* Pods */,
				FEC437611BB91E1EB7FA555A /* Frameworks */,
			);
			sourceTree = "<group>";
		};
		B3F42D091D93C43A0075DE75 /* Products */ = {
			isa = PBXGroup;
			children = (
				B3F42D081D93C43A0075DE75 /* VIUtilsKit.app */,
			);
			name = Products;
			sourceTree = "<group>";
		};
		B3F42D0A1D93C43A0075DE75 /* VIUtilsKit */ = {
			isa = PBXGroup;
			children = (
				B3F42D0E1D93C43A0075DE75 /* AppDelegate.h */,
				B3F42D0F1D93C43A0075DE75 /* AppDelegate.m */,
				B3F42D111D93C43A0075DE75 /* ViewController.h */,
				B3F42D121D93C43A0075DE75 /* ViewController.m */,
				B3F42D141D93C43A0075DE75 /* Main.storyboard */,
				B3F42D171D93C43A0075DE75 /* Assets.xcassets */,
				B3F42D191D93C43A0075DE75 /* LaunchScreen.storyboard */,
				B3F42D1C1D93C43A0075DE75 /* Info.plist */,
				B3F42D0B1D93C43A0075DE75 /* Supporting Files */,
			);
			path = VIUtilsKit;
			sourceTree = "<group>";
		};
		B3F42D0B1D93C43A0075DE75 /* Supporting Files */ = {
			isa = PBXGroup;
			children = (
				B3F42D0C1D93C43A0075DE75 /* main.m */,
			);
			name = "Supporting Files";
			sourceTree = "<group>";
		};
		B3F42D221D93C8340075DE75 /* Class */ = {
			isa = PBXGroup;
			children = (
				B3F42D231D93C99C0075DE75 /* VIMacro.h */,
				B31625581D93CD4600879576 /* VIUtils.h */,
				B31625591D93CD4600879576 /* VIUtils.m */,
				B31625551D93CCC100879576 /* DeviceHardware.h */,
				B31625561D93CCC100879576 /* DeviceHardware.m */,
			);
			path = Class;
			sourceTree = "<group>";
		};
		FEC437611BB91E1EB7FA555A /* Frameworks */ = {
			isa = PBXGroup;
			children = (
				A13DAED8867E5EFB17F9F6CF /* libPods.a */,
			);
			name = Frameworks;
			sourceTree = "<group>";
		};
/* End PBXGroup section */

/* Begin PBXNativeTarget section */
		B3F42D071D93C43A0075DE75 /* VIUtilsKit */ = {
			isa = PBXNativeTarget;
			buildConfigurationList = B3F42D1F1D93C43A0075DE75 /* Build configuration list for PBXNativeTarget "VIUtilsKit" */;
			buildPhases = (
				3CF638002BC95DA6847D090D /* Check Pods Manifest.lock */,
				B3F42D041D93C43A0075DE75 /* Sources */,
				B3F42D051D93C43A0075DE75 /* Frameworks */,
				B3F42D061D93C43A0075DE75 /* Resources */,
				6A4750D9E70FF62FAF094054 /* Embed Pods Frameworks */,
				001160049CA9FF881E1027D1 /* Copy Pods Resources */,
			);
			buildRules = (
			);
			dependencies = (
			);
			name = VIUtilsKit;
			productName = VIUtilsKit;
			productReference = B3F42D081D93C43A0075DE75 /* VIUtilsKit.app */;
			productType = "com.apple.product-type.application";
		};
/* End PBXNativeTarget section */

/* Begin PBXProject section */
		B3F42D001D93C43A0075DE75 /* Project object */ = {
			isa = PBXProject;
			attributes = {
				LastUpgradeCheck = 0800;
				ORGANIZATIONNAME = Vienta;
				TargetAttributes = {
					B3F42D071D93C43A0075DE75 = {
						CreatedOnToolsVersion = 8.0;
						DevelopmentTeam = 6DK2MK9EJ8;
						ProvisioningStyle = Automatic;
					};
				};
			};
			buildConfigurationList = B3F42D031D93C43A0075DE75 /* Build configuration list for PBXProject "VIUtilsKit" */;
			compatibilityVersion = "Xcode 3.2";
			developmentRegion = English;
			hasScannedForEncodings = 0;
			knownRegions = (
				en,
				Base,
			);
			mainGroup = B3F42CFF1D93C43A0075DE75;
			productRefGroup = B3F42D091D93C43A0075DE75 /* Products */;
			projectDirPath = "";
			projectRoot = "";
			targets = (
				B3F42D071D93C43A0075DE75 /* VIUtilsKit */,
			);
		};
/* End PBXProject section */

/* Begin PBXResourcesBuildPhase section */
		B3F42D061D93C43A0075DE75 /* Resources */ = {
			isa = PBXResourcesBuildPhase;
			buildActionMask = 2147483647;
			files = (
				B3F42D1B1D93C43A0075DE75 /* LaunchScreen.storyboard in Resources */,
				B3F42D181D93C43A0075DE75 /* Assets.xcassets in Resources */,
				B3F42D161D93C43A0075DE75 /* Main.storyboard in Resources */,
			);
			runOnlyForDeploymentPostprocessing = 0;
		};
/* End PBXResourcesBuildPhase section */

/* Begin PBXShellScriptBuildPhase section */
		001160049CA9FF881E1027D1 /* Copy Pods Resources */ = {
			isa = PBXShellScriptBuildPhase;
			buildActionMask = 2147483647;
			files = (
			);
			inputPaths = (
			);
			name = "Copy Pods Resources";
			outputPaths = (
			);
			runOnlyForDeploymentPostprocessing = 0;
			shellPath = /bin/sh;
			shellScript = "\"${SRCROOT}/Pods/Target Support Files/Pods/Pods-resources.sh\"\n";
			showEnvVarsInLog = 0;
		};
		3CF638002BC95DA6847D090D /* Check Pods Manifest.lock */ = {
			isa = PBXShellScriptBuildPhase;
			buildActionMask = 2147483647;
			files = (
			);
			inputPaths = (
			);
			name = "Check Pods Manifest.lock";
			outputPaths = (
			);
			runOnlyForDeploymentPostprocessing = 0;
			shellPath = /bin/sh;
			shellScript = "diff \"${PODS_ROOT}/../Podfile.lock\" \"${PODS_ROOT}/Manifest.lock\" > /dev/null\nif [[ $? != 0 ]] ; then\n    cat << EOM\nerror: The sandbox is not in sync with the Podfile.lock. Run 'pod install' or update your CocoaPods installation.\nEOM\n    exit 1\nfi\n";
			showEnvVarsInLog = 0;
		};
		6A4750D9E70FF62FAF094054 /* Embed Pods Frameworks */ = {
			isa = PBXShellScriptBuildPhase;
			buildActionMask = 2147483647;
			files = (
			);
			inputPaths = (
			);
			name = "Embed Pods Frameworks";
			outputPaths = (
			);
			runOnlyForDeploymentPostprocessing = 0;
			shellPath = /bin/sh;
			shellScript = "\"${SRCROOT}/Pods/Target Support Files/Pods/Pods-frameworks.sh\"\n";
			showEnvVarsInLog = 0;
		};
/* End PBXShellScriptBuildPhase section */

/* Begin PBXSourcesBuildPhase section */
		B3F42D041D93C43A0075DE75 /* Sources */ = {
			isa = PBXSourcesBuildPhase;
			buildActionMask = 2147483647;
			files = (
				B3F42D131D93C43A0075DE75 /* ViewController.m in Sources */,
				B316255A1D93CD4600879576 /* VIUtils.m in Sources */,
				B31625571D93CCC100879576 /* DeviceHardware.m in Sources */,
				B3F42D101D93C43A0075DE75 /* AppDelegate.m in Sources */,
				B3F42D0D1D93C43A0075DE75 /* main.m in Sources */,
			);
			runOnlyForDeploymentPostprocessing = 0;
		};
/* End PBXSourcesBuildPhase section */

/* Begin PBXVariantGroup section */
		B3F42D141D93C43A0075DE75 /* Main.storyboard */ = {
			isa = PBXVariantGroup;
			children = (
				B3F42D151D93C43A0075DE75 /* Base */,
			);
			name = Main.storyboard;
			sourceTree = "<group>";
		};
		B3F42D191D93C43A0075DE75 /* LaunchScreen.storyboard */ = {
			isa = PBXVariantGroup;
			children = (
				B3F42D1A1D93C43A0075DE75 /* Base */,
			);
			name = LaunchScreen.storyboard;
			sourceTree = "<group>";
		};
/* End PBXVariantGroup section */

/* Begin XCBuildConfiguration section */
		B3F42D1D1D93C43A0075DE75 /* Debug */ = {
			isa = XCBuildConfiguration;
			buildSettings = {
				ALWAYS_SEARCH_USER_PATHS = NO;
				CLANG_ANALYZER_NONNULL = YES;
				CLANG_CXX_LANGUAGE_STANDARD = "gnu++0x";
				CLANG_CXX_LIBRARY = "libc++";
				CLANG_ENABLE_MODULES = YES;
				CLANG_ENABLE_OBJC_ARC = YES;
				CLANG_WARN_BOOL_CONVERSION = YES;
				CLANG_WARN_CONSTANT_CONVERSION = YES;
				CLANG_WARN_DIRECT_OBJC_ISA_USAGE = YES_ERROR;
				CLANG_WARN_DOCUMENTATION_COMMENTS = YES;
				CLANG_WARN_EMPTY_BODY = YES;
				CLANG_WARN_ENUM_CONVERSION = YES;
				CLANG_WARN_INFINITE_RECURSION = YES;
				CLANG_WARN_INT_CONVERSION = YES;
				CLANG_WARN_OBJC_ROOT_CLASS = YES_ERROR;
				CLANG_WARN_SUSPICIOUS_MOVES = YES;
				CLANG_WARN_UNREACHABLE_CODE = YES;
				CLANG_WARN__DUPLICATE_METHOD_MATCH = YES;
				"CODE_SIGN_IDENTITY[sdk=iphoneos*]" = "iPhone Developer";
				COPY_PHASE_STRIP = NO;
				DEBUG_INFORMATION_FORMAT = dwarf;
				ENABLE_STRICT_OBJC_MSGSEND = YES;
				ENABLE_TESTABILITY = YES;
				GCC_C_LANGUAGE_STANDARD = gnu99;
				GCC_DYNAMIC_NO_PIC = NO;
				GCC_NO_COMMON_BLOCKS = YES;
				GCC_OPTIMIZATION_LEVEL = 0;
				GCC_PREPROCESSOR_DEFINITIONS = (
					"DEBUG=1",
					"$(inherited)",
				);
				GCC_WARN_64_TO_32_BIT_CONVERSION = YES;
				GCC_WARN_ABOUT_RETURN_TYPE = YES_ERROR;
				GCC_WARN_UNDECLARED_SELECTOR = YES;
				GCC_WARN_UNINITIALIZED_AUTOS = YES_AGGRESSIVE;
				GCC_WARN_UNUSED_FUNCTION = YES;
				GCC_WARN_UNUSED_VARIABLE = YES;
				IPHONEOS_DEPLOYMENT_TARGET = 10.0;
				MTL_ENABLE_DEBUG_INFO = YES;
				ONLY_ACTIVE_ARCH = YES;
				SDKROOT = iphoneos;
				TARGETED_DEVICE_FAMILY = "1,2";
			};
			name = Debug;
		};
		B3F42D1E1D93C43A0075DE75 /* Release */ = {
			isa = XCBuildConfiguration;
			buildSettings = {
				ALWAYS_SEARCH_USER_PATHS = NO;
				CLANG_ANALYZER_NONNULL = YES;
				CLANG_CXX_LANGUAGE_STANDARD = "gnu++0x";
				CLANG_CXX_LIBRARY = "libc++";
				CLANG_ENABLE_MODULES = YES;
				CLANG_ENABLE_OBJC_ARC = YES;
				CLANG_WARN_BOOL_CONVERSION = YES;
				CLANG_WARN_CONSTANT_CONVERSION = YES;
				CLANG_WARN_DIRECT_OBJC_ISA_USAGE = YES_ERROR;
				CLANG_WARN_DOCUMENTATION_COMMENTS = YES;
				CLANG_WARN_EMPTY_BODY = YES;
				CLANG_WARN_ENUM_CONVERSION = YES;
				CLANG_WARN_INFINITE_RECURSION = YES;
				CLANG_WARN_INT_CONVERSION = YES;
				CLANG_WARN_OBJC_ROOT_CLASS = YES_ERROR;
				CLANG_WARN_SUSPICIOUS_MOVES = YES;
				CLANG_WARN_UNREACHABLE_CODE = YES;
				CLANG_WARN__DUPLICATE_METHOD_MATCH = YES;
				"CODE_SIGN_IDENTITY[sdk=iphoneos*]" = "iPhone Developer";
				COPY_PHASE_STRIP = NO;
				DEBUG_INFORMATION_FORMAT = "dwarf-with-dsym";
				ENABLE_NS_ASSERTIONS = NO;
				ENABLE_STRICT_OBJC_MSGSEND = YES;
				GCC_C_LANGUAGE_STANDARD = gnu99;
				GCC_NO_COMMON_BLOCKS = YES;
				GCC_WARN_64_TO_32_BIT_CONVERSION = YES;
				GCC_WARN_ABOUT_RETURN_TYPE = YES_ERROR;
				GCC_WARN_UNDECLARED_SELECTOR = YES;
				GCC_WARN_UNINITIALIZED_AUTOS = YES_AGGRESSIVE;
				GCC_WARN_UNUSED_FUNCTION = YES;
				GCC_WARN_UNUSED_VARIABLE = YES;
				IPHONEOS_DEPLOYMENT_TARGET = 10.0;
				MTL_ENABLE_DEBUG_INFO = NO;
				SDKROOT = iphoneos;
				TARGETED_DEVICE_FAMILY = "1,2";
				VALIDATE_PRODUCT = YES;
			};
			name = Release;
		};
		B3F42D201D93C43A0075DE75 /* Debug */ = {
			isa = XCBuildConfiguration;
			baseConfigurationReference = F66103FE520C98B2CEC4B147 /* Pods.debug.xcconfig */;
			buildSettings = {
				ASSETCATALOG_COMPILER_APPICON_NAME = AppIcon;
				CLANG_ALLOW_NON_MODULAR_INCLUDES_IN_FRAMEWORK_MODULES = YES;
				DEVELOPMENT_TEAM = 6DK2MK9EJ8;
				INFOPLIST_FILE = VIUtilsKit/Info.plist;
				LD_RUNPATH_SEARCH_PATHS = "$(inherited) @executable_path/Frameworks";
				PRODUCT_BUNDLE_IDENTIFIER = com.vienta.me;
				PRODUCT_NAME = "$(TARGET_NAME)";
			};
			name = Debug;
		};
		B3F42D211D93C43A0075DE75 /* Release */ = {
			isa = XCBuildConfiguration;
			baseConfigurationReference = F91D8383650FFE0B4EB50D57 /* Pods.release.xcconfig */;
			buildSettings = {
				ASSETCATALOG_COMPILER_APPICON_NAME = AppIcon;
				CLANG_ALLOW_NON_MODULAR_INCLUDES_IN_FRAMEWORK_MODULES = YES;
				DEVELOPMENT_TEAM = 6DK2MK9EJ8;
				INFOPLIST_FILE = VIUtilsKit/Info.plist;
				LD_RUNPATH_SEARCH_PATHS = "$(inherited) @executable_path/Frameworks";
				PRODUCT_BUNDLE_IDENTIFIER = com.vienta.me;
				PRODUCT_NAME = "$(TARGET_NAME)";
			};
			name = Release;
		};
/* End XCBuildConfiguration section */

/* Begin XCConfigurationList section */
		B3F42D031D93C43A0075DE75 /* Build configuration list for PBXProject "VIUtilsKit" */ = {
			isa = XCConfigurationList;
			buildConfigurations = (
				B3F42D1D1D93C43A0075DE75 /* Debug */,
				B3F42D1E1D93C43A0075DE75 /* Release */,
			);
			defaultConfigurationIsVisible = 0;
			defaultConfigurationName = Release;
		};
		B3F42D1F1D93C43A0075DE75 /* Build configuration list for PBXNativeTarget "VIUtilsKit" */ = {
			isa = XCConfigurationList;
			buildConfigurations = (
				B3F42D201D93C43A0075DE75 /* Debug */,
				B3F42D211D93C43A0075DE75 /* Release */,
			);
			defaultConfigurationIsVisible = 0;
			defaultConfigurationName = Release;
		};
/* End XCConfigurationList section */
	};
	rootObject = B3F42D001D93C43A0075DE75 /* Project object */;
}
